
Microsoft Visual Studio Solution File, Format Version 12.00
# Visual Studio Version 17
VisualStudioVersion = 17.14.36327.8 d17.14
MinimumVisualStudioVersion = 10.0.40219.1
Project("{FAE04EC0-301F-11D3-BF4B-00C04F79EFBC}") = "Assignments 5.4.2", "Assignments 5.4.2.csproj", "{D15F4301-9817-4535-A136-FBE28CD463D7}"
EndProject
Global
	GlobalSection(SolutionConfigurationPlatforms) = preSolution
		Debug|Any CPU = Debug|Any CPU
		Release|Any CPU = Release|Any CPU
	EndGlobalSection
	GlobalSection(ProjectConfigurationPlatforms) = postSolution
		{D15F4301-9817-4535-A136-FBE28CD463D7}.Debug|Any CPU.ActiveCfg = Debug|Any CPU
		{D15F4301-9817-4535-A136-FBE28CD463D7}.Debug|Any CPU.Build.0 = Debug|Any CPU
		{D15F4301-9817-4535-A136-FBE28CD463D7}.Release|Any CPU.ActiveCfg = Release|Any CPU
		{D15F4301-9817-4535-A136-FBE28CD463D7}.Release|Any CPU.Build.0 = Release|Any CPU
	EndGlobalSection
	GlobalSection(SolutionProperties) = preSolution
		HideSolutionNode = FALSE
	EndGlobalSection
	GlobalSection(ExtensibilityGlobals) = postSolution
		SolutionGuid = {73D0DC91-5EAD-40F4-9134-B1F45CBC2E02}
	EndGlobalSection
EndGlobal
